// !$*UTF8*$!
{
	archiveVersion = 1;
	classes = {
	};
	objectVersion = 55;
	objects = {

/* Begin PBXBuildFile section */
		36AF20D32853A4380049E008 /* Tests_iOS.swift in Sources */ = {isa = PBXBuildFile; fileRef = 36AF20D22853A4380049E008 /* Tests_iOS.swift */; };
		36AF20D52853A4380049E008 /* Tests_iOSLaunchTests.swift in Sources */ = {isa = PBXBuildFile; fileRef = 36AF20D42853A4380049E008 /* Tests_iOSLaunchTests.swift */; };
		36AF20DF2853A4380049E008 /* Tests_macOS.swift in Sources */ = {isa = PBXBuildFile; fileRef = 36AF20DE2853A4380049E008 /* Tests_macOS.swift */; };
		36AF20E12853A4380049E008 /* Tests_macOSLaunchTests.swift in Sources */ = {isa = PBXBuildFile; fileRef = 36AF20E02853A4380049E008 /* Tests_macOSLaunchTests.swift */; };
		36AF20E22853A4380049E008 /* emiCountApp.swift in Sources */ = {isa = PBXBuildFile; fileRef = 36AF20BA2853A4330049E008 /* emiCountApp.swift */; };
		36AF20E32853A4380049E008 /* emiCountApp.swift in Sources */ = {isa = PBXBuildFile; fileRef = 36AF20BA2853A4330049E008 /* emiCountApp.swift */; };
		36AF20E42853A4380049E008 /* ContentView.swift in Sources */ = {isa = PBXBuildFile; fileRef = 36AF20BB2853A4330049E008 /* ContentView.swift */; };
		36AF20E52853A4380049E008 /* ContentView.swift in Sources */ = {isa = PBXBuildFile; fileRef = 36AF20BB2853A4330049E008 /* ContentView.swift */; };
		36AF20E62853A4380049E008 /* Assets.xcassets in Resources */ = {isa = PBXBuildFile; fileRef = 36AF20BC2853A4380049E008 /* Assets.xcassets */; };
		36AF20E72853A4380049E008 /* Assets.xcassets in Resources */ = {isa = PBXBuildFile; fileRef = 36AF20BC2853A4380049E008 /* Assets.xcassets */; };
		36C5E7B92853B740005B2AFD /* Launch Screen.storyboard in Resources */ = {isa = PBXBuildFile; fileRef = 36C5E7B82853B740005B2AFD /* Launch Screen.storyboard */; };
		36C5E7BA2853B740005B2AFD /* Launch Screen.storyboard in Resources */ = {isa = PBXBuildFile; fileRef = 36C5E7B82853B740005B2AFD /* Launch Screen.storyboard */; };
		36C5E7F82857215D005B2AFD /* WidgetKit.framework in Frameworks */ = {isa = PBXBuildFile; fileRef = 36C5E7F72857215D005B2AFD /* WidgetKit.framework */; };
		36C5E7FA2857215D005B2AFD /* SwiftUI.framework in Frameworks */ = {isa = PBXBuildFile; fileRef = 36C5E7F92857215D005B2AFD /* SwiftUI.framework */; };
		36C5E7FD2857215D005B2AFD /* widget.swift in Sources */ = {isa = PBXBuildFile; fileRef = 36C5E7FC2857215D005B2AFD /* widget.swift */; };
		36C5E80028572160005B2AFD /* Assets.xcassets in Resources */ = {isa = PBXBuildFile; fileRef = 36C5E7FF28572160005B2AFD /* Assets.xcassets */; };
		36C5E80228572160005B2AFD /* widget.intentdefinition in Sources */ = {isa = PBXBuildFile; fileRef = 36C5E7FE2857215D005B2AFD /* widget.intentdefinition */; };
		36C5E80328572160005B2AFD /* widget.intentdefinition in Sources */ = {isa = PBXBuildFile; fileRef = 36C5E7FE2857215D005B2AFD /* widget.intentdefinition */; };
		36C5E80628572160005B2AFD /* widgetExtension.appex in Embed App Extensions */ = {isa = PBXBuildFile; fileRef = 36C5E7F52857215D005B2AFD /* widgetExtension.appex */; settings = {ATTRIBUTES = (RemoveHeadersOnCopy, ); }; };
/* End PBXBuildFile section */

/* Begin PBXContainerItemProxy section */
		36AF20CF2853A4380049E008 /* PBXContainerItemProxy */ = {
			isa = PBXContainerItemProxy;
			containerPortal = 36AF20B52853A4330049E008 /* Project object */;
			proxyType = 1;
			remoteGlobalIDString = 36AF20C02853A4380049E008;
			remoteInfo = "emiCount (iOS)";
		};
		36AF20DB2853A4380049E008 /* PBXContainerItemProxy */ = {
			isa = PBXContainerItemProxy;
			containerPortal = 36AF20B52853A4330049E008 /* Project object */;
			proxyType = 1;
			remoteGlobalIDString = 36AF20C62853A4380049E008;
			remoteInfo = "emiCount (macOS)";
		};
		36C5E80428572160005B2AFD /* PBXContainerItemProxy */ = {
			isa = PBXContainerItemProxy;
			containerPortal = 36AF20B52853A4330049E008 /* Project object */;
			proxyType = 1;
			remoteGlobalIDString = 36C5E7F42857215D005B2AFD;
			remoteInfo = widgetExtension;
		};
/* End PBXContainerItemProxy section */

/* Begin PBXCopyFilesBuildPhase section */
		36C5E80A28572160005B2AFD /* Embed App Extensions */ = {
			isa = PBXCopyFilesBuildPhase;
			buildActionMask = 2147483647;
			dstPath = "";
			dstSubfolderSpec = 13;
			files = (
				36C5E80628572160005B2AFD /* widgetExtension.appex in Embed App Extensions */,
			);
			name = "Embed App Extensions";
			runOnlyForDeploymentPostprocessing = 0;
		};
/* End PBXCopyFilesBuildPhase section */

/* Begin PBXFileReference section */
		36AF20BA2853A4330049E008 /* emiCountApp.swift */ = {isa = PBXFileReference; lastKnownFileType = sourcecode.swift; path = emiCountApp.swift; sourceTree = "<group>"; };
		36AF20BB2853A4330049E008 /* ContentView.swift */ = {isa = PBXFileReference; lastKnownFileType = sourcecode.swift; path = ContentView.swift; sourceTree = "<group>"; };
		36AF20BC2853A4380049E008 /* Assets.xcassets */ = {isa = PBXFileReference; lastKnownFileType = folder.assetcatalog; path = Assets.xcassets; sourceTree = "<group>"; };
		36AF20C12853A4380049E008 /* emiCount.app */ = {isa = PBXFileReference; explicitFileType = wrapper.application; includeInIndex = 0; path = emiCount.app; sourceTree = BUILT_PRODUCTS_DIR; };
		36AF20C72853A4380049E008 /* emiCount.app */ = {isa = PBXFileReference; explicitFileType = wrapper.application; includeInIndex = 0; path = emiCount.app; sourceTree = BUILT_PRODUCTS_DIR; };
		36AF20C92853A4380049E008 /* macOS.entitlements */ = {isa = PBXFileReference; lastKnownFileType = text.plist.entitlements; path = macOS.entitlements; sourceTree = "<group>"; };
		36AF20CE2853A4380049E008 /* Tests iOS.xctest */ = {isa = PBXFileReference; explicitFileType = wrapper.cfbundle; includeInIndex = 0; path = "Tests iOS.xctest"; sourceTree = BUILT_PRODUCTS_DIR; };
		36AF20D22853A4380049E008 /* Tests_iOS.swift */ = {isa = PBXFileReference; lastKnownFileType = sourcecode.swift; path = Tests_iOS.swift; sourceTree = "<group>"; };
		36AF20D42853A4380049E008 /* Tests_iOSLaunchTests.swift */ = {isa = PBXFileReference; lastKnownFileType = sourcecode.swift; path = Tests_iOSLaunchTests.swift; sourceTree = "<group>"; };
		36AF20DA2853A4380049E008 /* Tests macOS.xctest */ = {isa = PBXFileReference; explicitFileType = wrapper.cfbundle; includeInIndex = 0; path = "Tests macOS.xctest"; sourceTree = BUILT_PRODUCTS_DIR; };
		36AF20DE2853A4380049E008 /* Tests_macOS.swift */ = {isa = PBXFileReference; lastKnownFileType = sourcecode.swift; path = Tests_macOS.swift; sourceTree = "<group>"; };
		36AF20E02853A4380049E008 /* Tests_macOSLaunchTests.swift */ = {isa = PBXFileReference; lastKnownFileType = sourcecode.swift; path = Tests_macOSLaunchTests.swift; sourceTree = "<group>"; };
		36C5E7B82853B740005B2AFD /* Launch Screen.storyboard */ = {isa = PBXFileReference; lastKnownFileType = file.storyboard; path = "Launch Screen.storyboard"; sourceTree = "<group>"; };
		36C5E7F52857215D005B2AFD /* widgetExtension.appex */ = {isa = PBXFileReference; explicitFileType = "wrapper.app-extension"; includeInIndex = 0; path = widgetExtension.appex; sourceTree = BUILT_PRODUCTS_DIR; };
		36C5E7F72857215D005B2AFD /* WidgetKit.framework */ = {isa = PBXFileReference; lastKnownFileType = wrapper.framework; name = WidgetKit.framework; path = System/Library/Frameworks/WidgetKit.framework; sourceTree = SDKROOT; };
		36C5E7F92857215D005B2AFD /* SwiftUI.framework */ = {isa = PBXFileReference; lastKnownFileType = wrapper.framework; name = SwiftUI.framework; path = System/Library/Frameworks/SwiftUI.framework; sourceTree = SDKROOT; };
		36C5E7FC2857215D005B2AFD /* widget.swift */ = {isa = PBXFileReference; lastKnownFileType = sourcecode.swift; path = widget.swift; sourceTree = "<group>"; };
		36C5E7FE2857215D005B2AFD /* widget.intentdefinition */ = {isa = PBXFileReference; lastKnownFileType = file.intentdefinition; path = widget.intentdefinition; sourceTree = "<group>"; };
		36C5E7FF28572160005B2AFD /* Assets.xcassets */ = {isa = PBXFileReference; lastKnownFileType = folder.assetcatalog; path = Assets.xcassets; sourceTree = "<group>"; };
		36C5E80128572160005B2AFD /* Info.plist */ = {isa = PBXFileReference; lastKnownFileType = text.plist.xml; path = Info.plist; sourceTree = "<group>"; };
/* End PBXFileReference section */

/* Begin PBXFrameworksBuildPhase section */
		36AF20BE2853A4380049E008 /* Frameworks */ = {
			isa = PBXFrameworksBuildPhase;
			buildActionMask = 2147483647;
			files = (
			);
			runOnlyForDeploymentPostprocessing = 0;
		};
		36AF20C42853A4380049E008 /* Frameworks */ = {
			isa = PBXFrameworksBuildPhase;
			buildActionMask = 2147483647;
			files = (
			);
			runOnlyForDeploymentPostprocessing = 0;
		};
		36AF20CB2853A4380049E008 /* Frameworks */ = {
			isa = PBXFrameworksBuildPhase;
			buildActionMask = 2147483647;
			files = (
			);
			runOnlyForDeploymentPostprocessing = 0;
		};
		36AF20D72853A4380049E008 /* Frameworks */ = {
			isa = PBXFrameworksBuildPhase;
			buildActionMask = 2147483647;
			files = (
			);
			runOnlyForDeploymentPostprocessing = 0;
		};
		36C5E7F22857215D005B2AFD /* Frameworks */ = {
			isa = PBXFrameworksBuildPhase;
			buildActionMask = 2147483647;
			files = (
				36C5E7FA2857215D005B2AFD /* SwiftUI.framework in Frameworks */,
				36C5E7F82857215D005B2AFD /* WidgetKit.framework in Frameworks */,
			);
			runOnlyForDeploymentPostprocessing = 0;
		};
/* End PBXFrameworksBuildPhase section */

/* Begin PBXGroup section */
		36AF20B42853A4330049E008 = {
			isa = PBXGroup;
			children = (
				36AF20B92853A4330049E008 /* Shared */,
				36AF20C82853A4380049E008 /* macOS */,
				36AF20D12853A4380049E008 /* Tests iOS */,
				36AF20DD2853A4380049E008 /* Tests macOS */,
				36C5E7FB2857215D005B2AFD /* widget */,
				36C5E7F62857215D005B2AFD /* Frameworks */,
				36AF20C22853A4380049E008 /* Products */,
			);
			sourceTree = "<group>";
		};
		36AF20B92853A4330049E008 /* Shared */ = {
			isa = PBXGroup;
			children = (
				36AF20BA2853A4330049E008 /* emiCountApp.swift */,
				36AF20BB2853A4330049E008 /* ContentView.swift */,
				36C5E7B82853B740005B2AFD /* Launch Screen.storyboard */,
				36AF20BC2853A4380049E008 /* Assets.xcassets */,
			);
			path = Shared;
			sourceTree = "<group>";
		};
		36AF20C22853A4380049E008 /* Products */ = {
			isa = PBXGroup;
			children = (
				36AF20C12853A4380049E008 /* emiCount.app */,
				36AF20C72853A4380049E008 /* emiCount.app */,
				36AF20CE2853A4380049E008 /* Tests iOS.xctest */,
				36AF20DA2853A4380049E008 /* Tests macOS.xctest */,
				36C5E7F52857215D005B2AFD /* widgetExtension.appex */,
			);
			name = Products;
			sourceTree = "<group>";
		};
		36AF20C82853A4380049E008 /* macOS */ = {
			isa = PBXGroup;
			children = (
				36AF20C92853A4380049E008 /* macOS.entitlements */,
			);
			path = macOS;
			sourceTree = "<group>";
		};
		36AF20D12853A4380049E008 /* Tests iOS */ = {
			isa = PBXGroup;
			children = (
				36AF20D22853A4380049E008 /* Tests_iOS.swift */,
				36AF20D42853A4380049E008 /* Tests_iOSLaunchTests.swift */,
			);
			path = "Tests iOS";
			sourceTree = "<group>";
		};
		36AF20DD2853A4380049E008 /* Tests macOS */ = {
			isa = PBXGroup;
			children = (
				36AF20DE2853A4380049E008 /* Tests_macOS.swift */,
				36AF20E02853A4380049E008 /* Tests_macOSLaunchTests.swift */,
			);
			path = "Tests macOS";
			sourceTree = "<group>";
		};
		36C5E7F62857215D005B2AFD /* Frameworks */ = {
			isa = PBXGroup;
			children = (
				36C5E7F72857215D005B2AFD /* WidgetKit.framework */,
				36C5E7F92857215D005B2AFD /* SwiftUI.framework */,
			);
			name = Frameworks;
			sourceTree = "<group>";
		};
		36C5E7FB2857215D005B2AFD /* widget */ = {
			isa = PBXGroup;
			children = (
				36C5E7FC2857215D005B2AFD /* widget.swift */,
				36C5E7FE2857215D005B2AFD /* widget.intentdefinition */,
				36C5E7FF28572160005B2AFD /* Assets.xcassets */,
				36C5E80128572160005B2AFD /* Info.plist */,
			);
			path = widget;
			sourceTree = "<group>";
		};
/* End PBXGroup section */

/* Begin PBXNativeTarget section */
		36AF20C02853A4380049E008 /* emiCount (iOS) */ = {
			isa = PBXNativeTarget;
			buildConfigurationList = 36AF20EA2853A4380049E008 /* Build configuration list for PBXNativeTarget "emiCount (iOS)" */;
			buildPhases = (
				36AF20BD2853A4380049E008 /* Sources */,
				36AF20BE2853A4380049E008 /* Frameworks */,
				36AF20BF2853A4380049E008 /* Resources */,
				36C5E80A28572160005B2AFD /* Embed App Extensions */,
			);
			buildRules = (
			);
			dependencies = (
				36C5E80528572160005B2AFD /* PBXTargetDependency */,
			);
			name = "emiCount (iOS)";
			productName = "emiCount (iOS)";
			productReference = 36AF20C12853A4380049E008 /* emiCount.app */;
			productType = "com.apple.product-type.application";
		};
		36AF20C62853A4380049E008 /* emiCount (macOS) */ = {
			isa = PBXNativeTarget;
			buildConfigurationList = 36AF20ED2853A4380049E008 /* Build configuration list for PBXNativeTarget "emiCount (macOS)" */;
			buildPhases = (
				36AF20C32853A4380049E008 /* Sources */,
				36AF20C42853A4380049E008 /* Frameworks */,
				36AF20C52853A4380049E008 /* Resources */,
			);
			buildRules = (
			);
			dependencies = (
			);
			name = "emiCount (macOS)";
			productName = "emiCount (macOS)";
			productReference = 36AF20C72853A4380049E008 /* emiCount.app */;
			productType = "com.apple.product-type.application";
		};
		36AF20CD2853A4380049E008 /* Tests iOS */ = {
			isa = PBXNativeTarget;
			buildConfigurationList = 36AF20F02853A4380049E008 /* Build configuration list for PBXNativeTarget "Tests iOS" */;
			buildPhases = (
				36AF20CA2853A4380049E008 /* Sources */,
				36AF20CB2853A4380049E008 /* Frameworks */,
				36AF20CC2853A4380049E008 /* Resources */,
			);
			buildRules = (
			);
			dependencies = (
				36AF20D02853A4380049E008 /* PBXTargetDependency */,
			);
			name = "Tests iOS";
			productName = "Tests iOS";
			productReference = 36AF20CE2853A4380049E008 /* Tests iOS.xctest */;
			productType = "com.apple.product-type.bundle.ui-testing";
		};
		36AF20D92853A4380049E008 /* Tests macOS */ = {
			isa = PBXNativeTarget;
			buildConfigurationList = 36AF20F32853A4380049E008 /* Build configuration list for PBXNativeTarget "Tests macOS" */;
			buildPhases = (
				36AF20D62853A4380049E008 /* Sources */,
				36AF20D72853A4380049E008 /* Frameworks */,
				36AF20D82853A4380049E008 /* Resources */,
			);
			buildRules = (
			);
			dependencies = (
				36AF20DC2853A4380049E008 /* PBXTargetDependency */,
			);
			name = "Tests macOS";
			productName = "Tests macOS";
			productReference = 36AF20DA2853A4380049E008 /* Tests macOS.xctest */;
			productType = "com.apple.product-type.bundle.ui-testing";
		};
		36C5E7F42857215D005B2AFD /* widgetExtension */ = {
			isa = PBXNativeTarget;
			buildConfigurationList = 36C5E80728572160005B2AFD /* Build configuration list for PBXNativeTarget "widgetExtension" */;
			buildPhases = (
				36C5E7F12857215D005B2AFD /* Sources */,
				36C5E7F22857215D005B2AFD /* Frameworks */,
				36C5E7F32857215D005B2AFD /* Resources */,
			);
			buildRules = (
			);
			dependencies = (
			);
			name = widgetExtension;
			productName = widgetExtension;
			productReference = 36C5E7F52857215D005B2AFD /* widgetExtension.appex */;
			productType = "com.apple.product-type.app-extension";
		};
/* End PBXNativeTarget section */

/* Begin PBXProject section */
		36AF20B52853A4330049E008 /* Project object */ = {
			isa = PBXProject;
			attributes = {
				BuildIndependentTargetsInParallel = 1;
				LastSwiftUpdateCheck = 1340;
				LastUpgradeCheck = 1340;
				TargetAttributes = {
					36AF20C02853A4380049E008 = {
						CreatedOnToolsVersion = 13.4.1;
					};
					36AF20C62853A4380049E008 = {
						CreatedOnToolsVersion = 13.4.1;
					};
					36AF20CD2853A4380049E008 = {
						CreatedOnToolsVersion = 13.4.1;
						TestTargetID = 36AF20C02853A4380049E008;
					};
					36AF20D92853A4380049E008 = {
						CreatedOnToolsVersion = 13.4.1;
						TestTargetID = 36AF20C62853A4380049E008;
					};
					36C5E7F42857215D005B2AFD = {
						CreatedOnToolsVersion = 13.4.1;
					};
				};
			};
			buildConfigurationList = 36AF20B82853A4330049E008 /* Build configuration list for PBXProject "emiCount" */;
			compatibilityVersion = "Xcode 13.0";
			developmentRegion = en;
			hasScannedForEncodings = 0;
			knownRegions = (
				en,
				Base,
			);
			mainGroup = 36AF20B42853A4330049E008;
			productRefGroup = 36AF20C22853A4380049E008 /* Products */;
			projectDirPath = "";
			projectRoot = "";
			targets = (
				36AF20C02853A4380049E008 /* emiCount (iOS) */,
				36AF20C62853A4380049E008 /* emiCount (macOS) */,
				36AF20CD2853A4380049E008 /* Tests iOS */,
				36AF20D92853A4380049E008 /* Tests macOS */,
				36C5E7F42857215D005B2AFD /* widgetExtension */,
			);
		};
/* End PBXProject section */

/* Begin PBXResourcesBuildPhase section */
		36AF20BF2853A4380049E008 /* Resources */ = {
			isa = PBXResourcesBuildPhase;
			buildActionMask = 2147483647;
			files = (
				36C5E7B92853B740005B2AFD /* Launch Screen.storyboard in Resources */,
				36AF20E62853A4380049E008 /* Assets.xcassets in Resources */,
			);
			runOnlyForDeploymentPostprocessing = 0;
		};
		36AF20C52853A4380049E008 /* Resources */ = {
			isa = PBXResourcesBuildPhase;
			buildActionMask = 2147483647;
			files = (
				36C5E7BA2853B740005B2AFD /* Launch Screen.storyboard in Resources */,
				36AF20E72853A4380049E008 /* Assets.xcassets in Resources */,
			);
			runOnlyForDeploymentPostprocessing = 0;
		};
		36AF20CC2853A4380049E008 /* Resources */ = {
			isa = PBXResourcesBuildPhase;
			buildActionMask = 2147483647;
			files = (
			);
			runOnlyForDeploymentPostprocessing = 0;
		};
		36AF20D82853A4380049E008 /* Resources */ = {
			isa = PBXResourcesBuildPhase;
			buildActionMask = 2147483647;
			files = (
			);
			runOnlyForDeploymentPostprocessing = 0;
		};
		36C5E7F32857215D005B2AFD /* Resources */ = {
			isa = PBXResourcesBuildPhase;
			buildActionMask = 2147483647;
			files = (
				36C5E80028572160005B2AFD /* Assets.xcassets in Resources */,
			);
			runOnlyForDeploymentPostprocessing = 0;
		};
/* End PBXResourcesBuildPhase section */

/* Begin PBXSourcesBuildPhase section */
		36AF20BD2853A4380049E008 /* Sources */ = {
			isa = PBXSourcesBuildPhase;
			buildActionMask = 2147483647;
			files = (
				36C5E80328572160005B2AFD /* widget.intentdefinition in Sources */,
				36AF20E42853A4380049E008 /* ContentView.swift in Sources */,
				36AF20E22853A4380049E008 /* emiCountApp.swift in Sources */,
			);
			runOnlyForDeploymentPostprocessing = 0;
		};
		36AF20C32853A4380049E008 /* Sources */ = {
			isa = PBXSourcesBuildPhase;
			buildActionMask = 2147483647;
			files = (
				36AF20E52853A4380049E008 /* ContentView.swift in Sources */,
				36AF20E32853A4380049E008 /* emiCountApp.swift in Sources */,
			);
			runOnlyForDeploymentPostprocessing = 0;
		};
		36AF20CA2853A4380049E008 /* Sources */ = {
			isa = PBXSourcesBuildPhase;
			buildActionMask = 2147483647;
			files = (
				36AF20D52853A4380049E008 /* Tests_iOSLaunchTests.swift in Sources */,
				36AF20D32853A4380049E008 /* Tests_iOS.swift in Sources */,
			);
			runOnlyForDeploymentPostprocessing = 0;
		};
		36AF20D62853A4380049E008 /* Sources */ = {
			isa = PBXSourcesBuildPhase;
			buildActionMask = 2147483647;
			files = (
				36AF20E12853A4380049E008 /* Tests_macOSLaunchTests.swift in Sources */,
				36AF20DF2853A4380049E008 /* Tests_macOS.swift in Sources */,
			);
			runOnlyForDeploymentPostprocessing = 0;
		};
		36C5E7F12857215D005B2AFD /* Sources */ = {
			isa = PBXSourcesBuildPhase;
			buildActionMask = 2147483647;
			files = (
				36C5E80228572160005B2AFD /* widget.intentdefinition in Sources */,
				36C5E7FD2857215D005B2AFD /* widget.swift in Sources */,
			);
			runOnlyForDeploymentPostprocessing = 0;
		};
/* End PBXSourcesBuildPhase section */

/* Begin PBXTargetDependency section */
		36AF20D02853A4380049E008 /* PBXTargetDependency */ = {
			isa = PBXTargetDependency;
			target = 36AF20C02853A4380049E008 /* emiCount (iOS) */;
			targetProxy = 36AF20CF2853A4380049E008 /* PBXContainerItemProxy */;
		};
		36AF20DC2853A4380049E008 /* PBXTargetDependency */ = {
			isa = PBXTargetDependency;
			target = 36AF20C62853A4380049E008 /* emiCount (macOS) */;
			targetProxy = 36AF20DB2853A4380049E008 /* PBXContainerItemProxy */;
		};
		36C5E80528572160005B2AFD /* PBXTargetDependency */ = {
			isa = PBXTargetDependency;
			target = 36C5E7F42857215D005B2AFD /* widgetExtension */;
			targetProxy = 36C5E80428572160005B2AFD /* PBXContainerItemProxy */;
		};
/* End PBXTargetDependency section */

/* Begin XCBuildConfiguration section */
		36AF20E82853A4380049E008 /* Debug */ = {
			isa = XCBuildConfiguration;
			buildSettings = {
				ALWAYS_SEARCH_USER_PATHS = NO;
				CLANG_ANALYZER_NONNULL = YES;
				CLANG_ANALYZER_NUMBER_OBJECT_CONVERSION = YES_AGGRESSIVE;
				CLANG_CXX_LANGUAGE_STANDARD = "gnu++17";
				CLANG_ENABLE_MODULES = YES;
				CLANG_ENABLE_OBJC_ARC = YES;
				CLANG_ENABLE_OBJC_WEAK = YES;
				CLANG_WARN_BLOCK_CAPTURE_AUTORELEASING = YES;
				CLANG_WARN_BOOL_CONVERSION = YES;
				CLANG_WARN_COMMA = YES;
				CLANG_WARN_CONSTANT_CONVERSION = YES;
				CLANG_WARN_DEPRECATED_OBJC_IMPLEMENTATIONS = YES;
				CLANG_WARN_DIRECT_OBJC_ISA_USAGE = YES_ERROR;
				CLANG_WARN_DOCUMENTATION_COMMENTS = YES;
				CLANG_WARN_EMPTY_BODY = YES;
				CLANG_WARN_ENUM_CONVERSION = YES;
				CLANG_WARN_INFINITE_RECURSION = YES;
				CLANG_WARN_INT_CONVERSION = YES;
				CLANG_WARN_NON_LITERAL_NULL_CONVERSION = YES;
				CLANG_WARN_OBJC_IMPLICIT_RETAIN_SELF = YES;
				CLANG_WARN_OBJC_LITERAL_CONVERSION = YES;
				CLANG_WARN_OBJC_ROOT_CLASS = YES_ERROR;
				CLANG_WARN_QUOTED_INCLUDE_IN_FRAMEWORK_HEADER = YES;
				CLANG_WARN_RANGE_LOOP_ANALYSIS = YES;
				CLANG_WARN_STRICT_PROTOTYPES = YES;
				CLANG_WARN_SUSPICIOUS_MOVE = YES;
				CLANG_WARN_UNGUARDED_AVAILABILITY = YES_AGGRESSIVE;
				CLANG_WARN_UNREACHABLE_CODE = YES;
				CLANG_WARN__DUPLICATE_METHOD_MATCH = YES;
				COPY_PHASE_STRIP = NO;
				DEBUG_INFORMATION_FORMAT = dwarf;
				ENABLE_STRICT_OBJC_MSGSEND = YES;
				ENABLE_TESTABILITY = YES;
				GCC_C_LANGUAGE_STANDARD = gnu11;
				GCC_DYNAMIC_NO_PIC = NO;
				GCC_NO_COMMON_BLOCKS = YES;
				GCC_OPTIMIZATION_LEVEL = 0;
				GCC_PREPROCESSOR_DEFINITIONS = (
					"DEBUG=1",
					"$(inherited)",
				);
				GCC_WARN_64_TO_32_BIT_CONVERSION = YES;
				GCC_WARN_ABOUT_RETURN_TYPE = YES_ERROR;
				GCC_WARN_UNDECLARED_SELECTOR = YES;
				GCC_WARN_UNINITIALIZED_AUTOS = YES_AGGRESSIVE;
				GCC_WARN_UNUSED_FUNCTION = YES;
				GCC_WARN_UNUSED_VARIABLE = YES;
				MTL_ENABLE_DEBUG_INFO = INCLUDE_SOURCE;
				MTL_FAST_MATH = YES;
				ONLY_ACTIVE_ARCH = YES;
				SWIFT_ACTIVE_COMPILATION_CONDITIONS = DEBUG;
				SWIFT_OPTIMIZATION_LEVEL = "-Onone";
			};
			name = Debug;
		};
		36AF20E92853A4380049E008 /* Release */ = {
			isa = XCBuildConfiguration;
			buildSettings = {
				ALWAYS_SEARCH_USER_PATHS = NO;
				CLANG_ANALYZER_NONNULL = YES;
				CLANG_ANALYZER_NUMBER_OBJECT_CONVERSION = YES_AGGRESSIVE;
				CLANG_CXX_LANGUAGE_STANDARD = "gnu++17";
				CLANG_ENABLE_MODULES = YES;
				CLANG_ENABLE_OBJC_ARC = YES;
				CLANG_ENABLE_OBJC_WEAK = YES;
				CLANG_WARN_BLOCK_CAPTURE_AUTORELEASING = YES;
				CLANG_WARN_BOOL_CONVERSION = YES;
				CLANG_WARN_COMMA = YES;
				CLANG_WARN_CONSTANT_CONVERSION = YES;
				CLANG_WARN_DEPRECATED_OBJC_IMPLEMENTATIONS = YES;
				CLANG_WARN_DIRECT_OBJC_ISA_USAGE = YES_ERROR;
				CLANG_WARN_DOCUMENTATION_COMMENTS = YES;
				CLANG_WARN_EMPTY_BODY = YES;
				CLANG_WARN_ENUM_CONVERSION = YES;
				CLANG_WARN_INFINITE_RECURSION = YES;
				CLANG_WARN_INT_CONVERSION = YES;
				CLANG_WARN_NON_LITERAL_NULL_CONVERSION = YES;
				CLANG_WARN_OBJC_IMPLICIT_RETAIN_SELF = YES;
				CLANG_WARN_OBJC_LITERAL_CONVERSION = YES;
				CLANG_WARN_OBJC_ROOT_CLASS = YES_ERROR;
				CLANG_WARN_QUOTED_INCLUDE_IN_FRAMEWORK_HEADER = YES;
				CLANG_WARN_RANGE_LOOP_ANALYSIS = YES;
				CLANG_WARN_STRICT_PROTOTYPES = YES;
				CLANG_WARN_SUSPICIOUS_MOVE = YES;
				CLANG_WARN_UNGUARDED_AVAILABILITY = YES_AGGRESSIVE;
				CLANG_WARN_UNREACHABLE_CODE = YES;
				CLANG_WARN__DUPLICATE_METHOD_MATCH = YES;
				COPY_PHASE_STRIP = NO;
				DEBUG_INFORMATION_FORMAT = "dwarf-with-dsym";
				ENABLE_NS_ASSERTIONS = NO;
				ENABLE_STRICT_OBJC_MSGSEND = YES;
				GCC_C_LANGUAGE_STANDARD = gnu11;
				GCC_NO_COMMON_BLOCKS = YES;
				GCC_WARN_64_TO_32_BIT_CONVERSION = YES;
				GCC_WARN_ABOUT_RETURN_TYPE = YES_ERROR;
				GCC_WARN_UNDECLARED_SELECTOR = YES;
				GCC_WARN_UNINITIALIZED_AUTOS = YES_AGGRESSIVE;
				GCC_WARN_UNUSED_FUNCTION = YES;
				GCC_WARN_UNUSED_VARIABLE = YES;
				MTL_ENABLE_DEBUG_INFO = NO;
				MTL_FAST_MATH = YES;
				SWIFT_COMPILATION_MODE = wholemodule;
				SWIFT_OPTIMIZATION_LEVEL = "-O";
			};
			name = Release;
		};
		36AF20EB2853A4380049E008 /* Debug */ = {
			isa = XCBuildConfiguration;
			buildSettings = {
				ALWAYS_EMBED_SWIFT_STANDARD_LIBRARIES = YES;
				ASSETCATALOG_COMPILER_APPICON_NAME = AppIcon;
				ASSETCATALOG_COMPILER_GLOBAL_ACCENT_COLOR_NAME = AccentColor;
				CODE_SIGN_STYLE = Automatic;
				CURRENT_PROJECT_VERSION = 1;
				ENABLE_PREVIEWS = YES;
				GENERATE_INFOPLIST_FILE = YES;
				INFOPLIST_KEY_UIApplicationSceneManifest_Generation = YES;
				INFOPLIST_KEY_UIApplicationSupportsIndirectInputEvents = YES;
				INFOPLIST_KEY_UILaunchScreen_Generation = YES;
				INFOPLIST_KEY_UISupportedInterfaceOrientations_iPad = "UIInterfaceOrientationPortrait UIInterfaceOrientationPortraitUpsideDown UIInterfaceOrientationLandscapeLeft UIInterfaceOrientationLandscapeRight";
				INFOPLIST_KEY_UISupportedInterfaceOrientations_iPhone = "UIInterfaceOrientationPortrait UIInterfaceOrientationLandscapeLeft UIInterfaceOrientationLandscapeRight";
				IPHONEOS_DEPLOYMENT_TARGET = 15.5;
				LD_RUNPATH_SEARCH_PATHS = (
					"$(inherited)",
					"@executable_path/Frameworks",
				);
				MARKETING_VERSION = 1.0;
				PRODUCT_BUNDLE_IDENTIFIER = com.mopamo.emiCount;
				PRODUCT_NAME = emiCount;
				SDKROOT = iphoneos;
				SWIFT_EMIT_LOC_STRINGS = YES;
				SWIFT_VERSION = 5.0;
				TARGETED_DEVICE_FAMILY = "1,2";
			};
			name = Debug;
		};
		36AF20EC2853A4380049E008 /* Release */ = {
			isa = XCBuildConfiguration;
			buildSettings = {
				ALWAYS_EMBED_SWIFT_STANDARD_LIBRARIES = YES;
				ASSETCATALOG_COMPILER_APPICON_NAME = AppIcon;
				ASSETCATALOG_COMPILER_GLOBAL_ACCENT_COLOR_NAME = AccentColor;
				CODE_SIGN_STYLE = Automatic;
				CURRENT_PROJECT_VERSION = 1;
				ENABLE_PREVIEWS = YES;
				GENERATE_INFOPLIST_FILE = YES;
				INFOPLIST_KEY_UIApplicationSceneManifest_Generation = YES;
				INFOPLIST_KEY_UIApplicationSupportsIndirectInputEvents = YES;
				INFOPLIST_KEY_UILaunchScreen_Generation = YES;
				INFOPLIST_KEY_UISupportedInterfaceOrientations_iPad = "UIInterfaceOrientationPortrait UIInterfaceOrientationPortraitUpsideDown UIInterfaceOrientationLandscapeLeft UIInterfaceOrientationLandscapeRight";
				INFOPLIST_KEY_UISupportedInterfaceOrientations_iPhone = "UIInterfaceOrientationPortrait UIInterfaceOrientationLandscapeLeft UIInterfaceOrientationLandscapeRight";
				IPHONEOS_DEPLOYMENT_TARGET = 15.5;
				LD_RUNPATH_SEARCH_PATHS = (
					"$(inherited)",
					"@executable_path/Frameworks",
				);
				MARKETING_VERSION = 1.0;
				PRODUCT_BUNDLE_IDENTIFIER = com.mopamo.emiCount;
				PRODUCT_NAME = emiCount;
				SDKROOT = iphoneos;
				SWIFT_EMIT_LOC_STRINGS = YES;
				SWIFT_VERSION = 5.0;
				TARGETED_DEVICE_FAMILY = "1,2";
				VALIDATE_PRODUCT = YES;
			};
			name = Release;
		};
		36AF20EE2853A4380049E008 /* Debug */ = {
			isa = XCBuildConfiguration;
			buildSettings = {
				ASSETCATALOG_COMPILER_APPICON_NAME = AppIcon;
				ASSETCATALOG_COMPILER_GLOBAL_ACCENT_COLOR_NAME = AccentColor;
				CODE_SIGN_ENTITLEMENTS = macOS/macOS.entitlements;
				CODE_SIGN_STYLE = Automatic;
				COMBINE_HIDPI_IMAGES = YES;
				CURRENT_PROJECT_VERSION = 1;
				ENABLE_PREVIEWS = YES;
				GENERATE_INFOPLIST_FILE = YES;
				INFOPLIST_KEY_NSHumanReadableCopyright = "";
				LD_RUNPATH_SEARCH_PATHS = (
					"$(inherited)",
					"@executable_path/../Frameworks",
				);
				MACOSX_DEPLOYMENT_TARGET = 12.3;
				MARKETING_VERSION = 1.0;
				PRODUCT_BUNDLE_IDENTIFIER = com.mopamo.emiCount;
				PRODUCT_NAME = emiCount;
				SDKROOT = macosx;
				SWIFT_EMIT_LOC_STRINGS = YES;
				SWIFT_VERSION = 5.0;
			};
			name = Debug;
		};
		36AF20EF2853A4380049E008 /* Release */ = {
			isa = XCBuildConfiguration;
			buildSettings = {
				ASSETCATALOG_COMPILER_APPICON_NAME = AppIcon;
				ASSETCATALOG_COMPILER_GLOBAL_ACCENT_COLOR_NAME = AccentColor;
				CODE_SIGN_ENTITLEMENTS = macOS/macOS.entitlements;
				CODE_SIGN_STYLE = Automatic;
				COMBINE_HIDPI_IMAGES = YES;
				CURRENT_PROJECT_VERSION = 1;
				ENABLE_PREVIEWS = YES;
				GENERATE_INFOPLIST_FILE = YES;
				INFOPLIST_KEY_NSHumanReadableCopyright = "";
				LD_RUNPATH_SEARCH_PATHS = (
					"$(inherited)",
					"@executable_path/../Frameworks",
				);
				MACOSX_DEPLOYMENT_TARGET = 12.3;
				MARKETING_VERSION = 1.0;
				PRODUCT_BUNDLE_IDENTIFIER = com.mopamo.emiCount;
				PRODUCT_NAME = emiCount;
				SDKROOT = macosx;
				SWIFT_EMIT_LOC_STRINGS = YES;
				SWIFT_VERSION = 5.0;
			};
			name = Release;
		};
		36AF20F12853A4380049E008 /* Debug */ = {
			isa = XCBuildConfiguration;
			buildSettings = {
				ALWAYS_EMBED_SWIFT_STANDARD_LIBRARIES = YES;
				CODE_SIGN_STYLE = Automatic;
				CURRENT_PROJECT_VERSION = 1;
				GENERATE_INFOPLIST_FILE = YES;
				IPHONEOS_DEPLOYMENT_TARGET = 15.5;
				MARKETING_VERSION = 1.0;
				PRODUCT_BUNDLE_IDENTIFIER = "com.mopamo.Tests-iOS";
				PRODUCT_NAME = "$(TARGET_NAME)";
				SDKROOT = iphoneos;
				SWIFT_EMIT_LOC_STRINGS = NO;
				SWIFT_VERSION = 5.0;
				TARGETED_DEVICE_FAMILY = "1,2";
				TEST_TARGET_NAME = "emiCount (iOS)";
			};
			name = Debug;
		};
		36AF20F22853A4380049E008 /* Release */ = {
			isa = XCBuildConfiguration;
			buildSettings = {
				ALWAYS_EMBED_SWIFT_STANDARD_LIBRARIES = YES;
				CODE_SIGN_STYLE = Automatic;
				CURRENT_PROJECT_VERSION = 1;
				GENERATE_INFOPLIST_FILE = YES;
				IPHONEOS_DEPLOYMENT_TARGET = 15.5;
				MARKETING_VERSION = 1.0;
				PRODUCT_BUNDLE_IDENTIFIER = "com.mopamo.Tests-iOS";
				PRODUCT_NAME = "$(TARGET_NAME)";
				SDKROOT = iphoneos;
				SWIFT_EMIT_LOC_STRINGS = NO;
				SWIFT_VERSION = 5.0;
				TARGETED_DEVICE_FAMILY = "1,2";
				TEST_TARGET_NAME = "emiCount (iOS)";
				VALIDATE_PRODUCT = YES;
			};
			name = Release;
		};
		36AF20F42853A4380049E008 /* Debug */ = {
			isa = XCBuildConfiguration;
			buildSettings = {
				ALWAYS_EMBED_SWIFT_STANDARD_LIBRARIES = YES;
				CODE_SIGN_STYLE = Automatic;
				CURRENT_PROJECT_VERSION = 1;
				GENERATE_INFOPLIST_FILE = YES;
				MACOSX_DEPLOYMENT_TARGET = 12.3;
				MARKETING_VERSION = 1.0;
				PRODUCT_BUNDLE_IDENTIFIER = "com.mopamo.Tests-macOS";
				PRODUCT_NAME = "$(TARGET_NAME)";
				SDKROOT = macosx;
				SWIFT_EMIT_LOC_STRINGS = NO;
				SWIFT_VERSION = 5.0;
				TEST_TARGET_NAME = "emiCount (macOS)";
			};
			name = Debug;
		};
		36AF20F52853A4380049E008 /* Release */ = {
			isa = XCBuildConfiguration;
			buildSettings = {
				ALWAYS_EMBED_SWIFT_STANDARD_LIBRARIES = YES;
				CODE_SIGN_STYLE = Automatic;
				CURRENT_PROJECT_VERSION = 1;
				GENERATE_INFOPLIST_FILE = YES;
				MACOSX_DEPLOYMENT_TARGET = 12.3;
				MARKETING_VERSION = 1.0;
				PRODUCT_BUNDLE_IDENTIFIER = "com.mopamo.Tests-macOS";
				PRODUCT_NAME = "$(TARGET_NAME)";
				SDKROOT = macosx;
				SWIFT_EMIT_LOC_STRINGS = NO;
				SWIFT_VERSION = 5.0;
				TEST_TARGET_NAME = "emiCount (macOS)";
			};
			name = Release;
		};
		36C5E80828572160005B2AFD /* Debug */ = {
			isa = XCBuildConfiguration;
			buildSettings = {
				ASSETCATALOG_COMPILER_GLOBAL_ACCENT_COLOR_NAME = AccentColor;
				ASSETCATALOG_COMPILER_WIDGET_BACKGROUND_COLOR_NAME = WidgetBackground;
				CODE_SIGN_STYLE = Automatic;
				CURRENT_PROJECT_VERSION = 1;
				GENERATE_INFOPLIST_FILE = YES;
				INFOPLIST_FILE = widget/Info.plist;
				INFOPLIST_KEY_CFBundleDisplayName = widget;
				INFOPLIST_KEY_NSHumanReadableCopyright = "";
				IPHONEOS_DEPLOYMENT_TARGET = 15.5;
				LD_RUNPATH_SEARCH_PATHS = (
					"$(inherited)",
					"@executable_path/Frameworks",
					"@executable_path/../../Frameworks",
				);
				MARKETING_VERSION = 1.0;
				PRODUCT_BUNDLE_IDENTIFIER = com.mopamo.emiCount.widget;
				PRODUCT_NAME = "$(TARGET_NAME)";
				SDKROOT = iphoneos;
				SKIP_INSTALL = YES;
				SWIFT_EMIT_LOC_STRINGS = YES;
				SWIFT_VERSION = 5.0;
				TARGETED_DEVICE_FAMILY = "1,2";
			};
			name = Debug;
		};
		36C5E80928572160005B2AFD /* Release */ = {
			isa = XCBuildConfiguration;
			buildSettings = {
				ASSETCATALOG_COMPILER_GLOBAL_ACCENT_COLOR_NAME = AccentColor;
				ASSETCATALOG_COMPILER_WIDGET_BACKGROUND_COLOR_NAME = WidgetBackground;
				CODE_SIGN_STYLE = Automatic;
				CURRENT_PROJECT_VERSION = 1;
				GENERATE_INFOPLIST_FILE = YES;
				INFOPLIST_FILE = widget/Info.plist;
				INFOPLIST_KEY_CFBundleDisplayName = widget;
				INFOPLIST_KEY_NSHumanReadableCopyright = "";
				IPHONEOS_DEPLOYMENT_TARGET = 15.5;
				LD_RUNPATH_SEARCH_PATHS = (
					"$(inherited)",
					"@executable_path/Frameworks",
					"@executable_path/../../Frameworks",
				);
				MARKETING_VERSION = 1.0;
				PRODUCT_BUNDLE_IDENTIFIER = com.mopamo.emiCount.widget;
				PRODUCT_NAME = "$(TARGET_NAME)";
				SDKROOT = iphoneos;
				SKIP_INSTALL = YES;
				SWIFT_EMIT_LOC_STRINGS = YES;
				SWIFT_VERSION = 5.0;
				TARGETED_DEVICE_FAMILY = "1,2";
				VALIDATE_PRODUCT = YES;
			};
			name = Release;
		};
/* End XCBuildConfiguration section */

/* Begin XCConfigurationList section */
		36AF20B82853A4330049E008 /* Build configuration list for PBXProject "emiCount" */ = {
			isa = XCConfigurationList;
			buildConfigurations = (
				36AF20E82853A4380049E008 /* Debug */,
				36AF20E92853A4380049E008 /* Release */,
			);
			defaultConfigurationIsVisible = 0;
			defaultConfigurationName = Release;
		};
		36AF20EA2853A4380049E008 /* Build configuration list for PBXNativeTarget "emiCount (iOS)" */ = {
			isa = XCConfigurationList;
			buildConfigurations = (
				36AF20EB2853A4380049E008 /* Debug */,
				36AF20EC2853A4380049E008 /* Release */,
			);
			defaultConfigurationIsVisible = 0;
			defaultConfigurationName = Release;
		};
		36AF20ED2853A4380049E008 /* Build configuration list for PBXNativeTarget "emiCount (macOS)" */ = {
			isa = XCConfigurationList;
			buildConfigurations = (
				36AF20EE2853A4380049E008 /* Debug */,
				36AF20EF2853A4380049E008 /* Release */,
			);
			defaultConfigurationIsVisible = 0;
			defaultConfigurationName = Release;
		};
		36AF20F02853A4380049E008 /* Build configuration list for PBXNativeTarget "Tests iOS" */ = {
			isa = XCConfigurationList;
			buildConfigurations = (
				36AF20F12853A4380049E008 /* Debug */,
				36AF20F22853A4380049E008 /* Release */,
			);
			defaultConfigurationIsVisible = 0;
			defaultConfigurationName = Release;
		};
		36AF20F32853A4380049E008 /* Build configuration list for PBXNativeTarget "Tests macOS" */ = {
			isa = XCConfigurationList;
			buildConfigurations = (
				36AF20F42853A4380049E008 /* Debug */,
				36AF20F52853A4380049E008 /* Release */,
			);
			defaultConfigurationIsVisible = 0;
			defaultConfigurationName = Release;
		};
		36C5E80728572160005B2AFD /* Build configuration list for PBXNativeTarget "widgetExtension" */ = {
			isa = XCConfigurationList;
			buildConfigurations = (
				36C5E80828572160005B2AFD /* Debug */,
				36C5E80928572160005B2AFD /* Release */,
			);
			defaultConfigurationIsVisible = 0;
			defaultConfigurationName = Release;
		};
/* End XCConfigurationList section */
	};
	rootObject = 36AF20B52853A4330049E008 /* Project object */;
}
